
Microsoft Visual Studio Solution File, Format Version 12.00
# Visual Studio Version 17
VisualStudioVersion = 17.9.34714.143
MinimumVisualStudioVersion = 10.0.40219.1
Project("{13B669BE-BB05-4DDF-9536-439F39A36129}") = "petzschool", "petzschool.phpproj", "{DFD8BB95-C161-45EA-B203-DEBC02E48055}"
EndProject
Global
	GlobalSection(SolutionConfigurationPlatforms) = preSolution
		Debug|Any CPU = Debug|Any CPU
		Release|Any CPU = Release|Any CPU
	EndGlobalSection
	GlobalSection(ProjectConfigurationPlatforms) = postSolution
		{DFD8BB95-C161-45EA-B203-DEBC02E48055}.Debug|Any CPU.ActiveCfg = Debug|Any CPU
		{DFD8BB95-C161-45EA-B203-DEBC02E48055}.Debug|Any CPU.Build.0 = Debug|Any CPU
		{DFD8BB95-C161-45EA-B203-DEBC02E48055}.Release|Any CPU.ActiveCfg = Release|Any CPU
		{DFD8BB95-C161-45EA-B203-DEBC02E48055}.Release|Any CPU.Build.0 = Release|Any CPU
	EndGlobalSection
	GlobalSection(SolutionProperties) = preSolution
		HideSolutionNode = FALSE
	EndGlobalSection
	GlobalSection(ExtensibilityGlobals) = postSolution
		SolutionGuid = {4BC91CA0-CA86-4426-B567-1B9857558D5B}
	EndGlobalSection
EndGlobal
